Microsoft Visual Studio Solution File, Format Version 12.00
# Visual Studio Version 17
VisualStudioVersion = 17.0.31903.59
MinimumVisualStudioVersion = 10.0.40219.1
Project("{FAE04EC0-301F-11D3-BF4B-00C04F79EFBC}") = "ModelHub.Windows", "src\\ModelHub.Windows\\ModelHub.Windows.csproj", "{2384D2A4-58C1-4DDF-B1A2-53405674B571}"
EndProject
Project("{FAE04EC0-301F-11D3-BF4B-00C04F79EFBC}") = "ModelHub.Windows.Tests", "tests\\ModelHub.Windows.Tests\\ModelHub.Windows.Tests.csproj", "{AE094A58-4F7D-48EC-898C-444069A4B32D}"
EndProject
Global
	GlobalSection(SolutionConfigurationPlatforms) = preSolution
		Debug|Any CPU = Debug|Any CPU
		Release|Any CPU = Release|Any CPU
	EndGlobalSection
	GlobalSection(ProjectConfigurationPlatforms) = postSolution
		{2384D2A4-58C1-4DDF-B1A2-53405674B571}.Debug|Any CPU.ActiveCfg = Debug|Any CPU
		{2384D2A4-58C1-4DDF-B1A2-53405674B571}.Debug|Any CPU.Build.0 = Debug|Any CPU
		{2384D2A4-58C1-4DDF-B1A2-53405674B571}.Release|Any CPU.ActiveCfg = Release|Any CPU
		{2384D2A4-58C1-4DDF-B1A2-53405674B571}.Release|Any CPU.Build.0 = Release|Any CPU
		{AE094A58-4F7D-48EC-898C-444069A4B32D}.Debug|Any CPU.ActiveCfg = Debug|Any CPU
		{AE094A58-4F7D-48EC-898C-444069A4B32D}.Debug|Any CPU.Build.0 = Debug|Any CPU
		{AE094A58-4F7D-48EC-898C-444069A4B32D}.Release|Any CPU.ActiveCfg = Release|Any CPU
		{AE094A58-4F7D-48EC-898C-444069A4B32D}.Release|Any CPU.Build.0 = Release|Any CPU
	EndGlobalSection
EndGlobal
